
Microsoft Visual Studio Solution File, Format Version 12.00
# Visual Studio 15
VisualStudioVersion = 15.0.27130.2010
MinimumVisualStudioVersion = 10.0.40219.1
Project("{FAE04EC0-301F-11D3-BF4B-00C04F79EFBC}") = "01_简单工厂模式", "01_简单工厂模式\01_简单工厂模式.csproj", "{ADC3EE8A-FB69-4375-A5A4-F2B4C7054649}"
EndProject
Project("{FAE04EC0-301F-11D3-BF4B-00C04F79EFBC}") = "02_简单工厂模式2", "02_简单工厂模式2\02_简单工厂模式2.csproj", "{320998D8-D03C-488E-BD3C-26A5A19D1464}"
EndProject
Project("{FAE04EC0-301F-11D3-BF4B-00C04F79EFBC}") = "03_策略模式", "03_策略模式\03_策略模式.csproj", "{56C88FDE-9014-4077-9747-D5C426EB7CB6}"
EndProject
Project("{FAE04EC0-301F-11D3-BF4B-00C04F79EFBC}") = "04_装饰模式1", "04_装饰模式1\04_装饰模式1.csproj", "{FF264D04-8D22-4376-87B6-CBCF02FFA909}"
EndProject
Project("{FAE04EC0-301F-11D3-BF4B-00C04F79EFBC}") = "04_装饰模式2", "04_装饰模式2\04_装饰模式2.csproj", "{4F19988C-7FA1-4E1E-ABAC-6784BF5FAD03}"
EndProject
Project("{FAE04EC0-301F-11D3-BF4B-00C04F79EFBC}") = "05_代理模式1", "05_代理模式1\05_代理模式1.csproj", "{4ABFA2A5-EC8B-4337-8BE6-143CEF8B032C}"
EndProject
Project("{FAE04EC0-301F-11D3-BF4B-00C04F79EFBC}") = "05_代理模式2", "05_代理模式2\05_代理模式2.csproj", "{00AE25B7-0F81-41BE-9584-CFCD943D3D51}"
EndProject
Project("{FAE04EC0-301F-11D3-BF4B-00C04F79EFBC}") = "06_工厂方法模式", "06_工厂方法模式\06_工厂方法模式.csproj", "{26757A28-0110-482B-9B8F-8EB70783DF51}"
EndProject
Project("{FAE04EC0-301F-11D3-BF4B-00C04F79EFBC}") = "06_工厂方法模式2", "06_工厂方法模式2\06_工厂方法模式2.csproj", "{1C18570B-B055-4BF6-B40B-81DD1F740C02}"
EndProject
Project("{FAE04EC0-301F-11D3-BF4B-00C04F79EFBC}") = "07_原型模式", "07_原型模式\07_原型模式.csproj", "{13D8DCFD-14A0-43F0-8C30-8A8849026C75}"
EndProject
Project("{FAE04EC0-301F-11D3-BF4B-00C04F79EFBC}") = "07_原型模式2", "07_原型模式2\07_原型模式2.csproj", "{61F20051-A55E-4D94-9CB3-A2F68366750B}"
EndProject
Project("{FAE04EC0-301F-11D3-BF4B-00C04F79EFBC}") = "08_模板方法模式", "08_模板方法模式\08_模板方法模式.csproj", "{D7838A8C-39C3-4F68-943C-6107F418B33E}"
EndProject
Project("{FAE04EC0-301F-11D3-BF4B-00C04F79EFBC}") = "09_外观模式", "09_外观模式\09_外观模式.csproj", "{9F16AAD2-806D-44C5-A434-F390AD5C8371}"
EndProject
Project("{FAE04EC0-301F-11D3-BF4B-00C04F79EFBC}") = "09_外观模式2", "09_外观模式2\09_外观模式2.csproj", "{BBF697FA-9D81-43B0-850D-E0C32F9194C1}"
EndProject
Project("{FAE04EC0-301F-11D3-BF4B-00C04F79EFBC}") = "10_建造者模式", "10_建造者模式\10_建造者模式.csproj", "{ED36B083-66A1-4BC9-9BF5-1F8055F68DCC}"
EndProject
Project("{FAE04EC0-301F-11D3-BF4B-00C04F79EFBC}") = "10_建造者模式2", "10_建造者模式2\10_建造者模式2.csproj", "{F2384C9B-8A64-4AA8-9A63-9B5038FB5A13}"
EndProject
Project("{FAE04EC0-301F-11D3-BF4B-00C04F79EFBC}") = "11_观察者模式", "11_观察者模式\11_观察者模式.csproj", "{FD6DAF6E-8AFD-4A25-9AC7-071D0A45887A}"
EndProject
Project("{FAE04EC0-301F-11D3-BF4B-00C04F79EFBC}") = "12_抽象工厂模式", "12_抽象工厂模式\12_抽象工厂模式.csproj", "{8F96F89D-0CA8-42F3-9B3D-DCB60BD06577}"
EndProject
Project("{FAE04EC0-301F-11D3-BF4B-00C04F79EFBC}") = "12_抽象工厂模式改进_反射+简单工厂模式", "12_抽象工厂模式改进_反射+简单工厂模式\12_抽象工厂模式改进_反射+简单工厂模式.csproj", "{60A01BC0-6B14-4A60-9405-CA4C3B73700F}"
EndProject
Project("{FAE04EC0-301F-11D3-BF4B-00C04F79EFBC}") = "13_状态模式", "13_状态模式\13_状态模式.csproj", "{838CE481-892C-4255-8CC1-BE8D67EA6E46}"
EndProject
Project("{FAE04EC0-301F-11D3-BF4B-00C04F79EFBC}") = "13_状态模式2", "13_状态模式2\13_状态模式2.csproj", "{CCAF2422-E279-473F-AD69-C11DF6D2BAD3}"
EndProject
Project("{FAE04EC0-301F-11D3-BF4B-00C04F79EFBC}") = "14_适配器模式", "14_适配器模式\14_适配器模式.csproj", "{00CD3C41-E573-460F-A2F5-9ACE91E7DF53}"
EndProject
Project("{FAE04EC0-301F-11D3-BF4B-00C04F79EFBC}") = "14适配器模式2", "14适配器模式2\14适配器模式2.csproj", "{90651F0F-BB6A-4E76-A798-4130A72265EB}"
EndProject
Project("{FAE04EC0-301F-11D3-BF4B-00C04F79EFBC}") = "15_备忘录模式", "15_备忘录模式\15_备忘录模式.csproj", "{38CCDBEA-1D8C-4EAD-B6D0-E03BDDC5B1D0}"
EndProject
Project("{FAE04EC0-301F-11D3-BF4B-00C04F79EFBC}") = "15_备忘录模式2", "15_备忘录模式2\15_备忘录模式2.csproj", "{BA0BEFE4-52ED-43EA-AD41-8D53E603C33D}"
EndProject
Project("{FAE04EC0-301F-11D3-BF4B-00C04F79EFBC}") = "16_组合模式", "16_组合模式\16_组合模式.csproj", "{719B36CB-FE6C-4B4E-9253-28030180C9DD}"
EndProject
Project("{FAE04EC0-301F-11D3-BF4B-00C04F79EFBC}") = "16_组合模式2", "16_组合模式2\16_组合模式2.csproj", "{EC58136D-503E-42D1-B867-0DA940F7786A}"
EndProject
Project("{FAE04EC0-301F-11D3-BF4B-00C04F79EFBC}") = "17_迭代器模式", "17_迭代器模式\17_迭代器模式.csproj", "{D00B69BC-04B4-4AE9-A373-3FC0B8BB21BC}"
EndProject
Project("{FAE04EC0-301F-11D3-BF4B-00C04F79EFBC}") = "17_迭代器模式2", "17_迭代器模式2\17_迭代器模式2.csproj", "{FE976423-C933-49E9-8E8A-7C2CF6A96C53}"
EndProject
Project("{FAE04EC0-301F-11D3-BF4B-00C04F79EFBC}") = "18_单例模式", "18_单例模式\18_单例模式.csproj", "{B386066A-88D9-453F-B1E4-DA3526F1F48B}"
EndProject
Project("{FAE04EC0-301F-11D3-BF4B-00C04F79EFBC}") = "19_桥接模式", "19_桥接模式\19_桥接模式.csproj", "{4D0CB0A4-842B-4C5D-AF4E-600D2DD236D0}"
EndProject
Project("{FAE04EC0-301F-11D3-BF4B-00C04F79EFBC}") = "20_命令模式", "20_命令模式\20_命令模式.csproj", "{8B78E45D-4629-4AC9-8903-60155E163D3F}"
EndProject
Project("{FAE04EC0-301F-11D3-BF4B-00C04F79EFBC}") = "20_命令模式2", "20_命令模式2\20_命令模式2.csproj", "{4D6F4AC8-F12F-4599-9F84-71AF7FDFF039}"
EndProject
Project("{FAE04EC0-301F-11D3-BF4B-00C04F79EFBC}") = "21_职责链模式", "21_职责链模式\21_职责链模式.csproj", "{F82C20D9-EAEC-4481-8D03-0DAA52700939}"
EndProject
Project("{FAE04EC0-301F-11D3-BF4B-00C04F79EFBC}") = "21_职责链模式2", "21_职责链模式2\21_职责链模式2.csproj", "{227FB542-88B0-4DB3-897A-050C82B70279}"
EndProject
Project("{FAE04EC0-301F-11D3-BF4B-00C04F79EFBC}") = "22_中介者模式", "22_中介者模式\22_中介者模式.csproj", "{C9A5937F-7308-482D-9374-973933783758}"
EndProject
Project("{FAE04EC0-301F-11D3-BF4B-00C04F79EFBC}") = "22_中介者模式2", "中介者模式2\22_中介者模式2.csproj", "{E236FD1A-9AF3-4691-B04D-C321A9D3455C}"
EndProject
Project("{FAE04EC0-301F-11D3-BF4B-00C04F79EFBC}") = "23_享元模式", "23_享元模式\23_享元模式.csproj", "{69FBDE2B-95D9-4501-A451-7336A7940E63}"
EndProject
Project("{FAE04EC0-301F-11D3-BF4B-00C04F79EFBC}") = "23_享元模式2", "23_享元模式2\23_享元模式2.csproj", "{A8F46DC5-BBE0-4178-BF18-F0CD0AE355AA}"
EndProject
Global
	GlobalSection(SolutionConfigurationPlatforms) = preSolution
		Debug|Any CPU = Debug|Any CPU
		Release|Any CPU = Release|Any CPU
	EndGlobalSection
	GlobalSection(ProjectConfigurationPlatforms) = postSolution
		{ADC3EE8A-FB69-4375-A5A4-F2B4C7054649}.Debug|Any CPU.ActiveCfg = Debug|Any CPU
		{ADC3EE8A-FB69-4375-A5A4-F2B4C7054649}.Debug|Any CPU.Build.0 = Debug|Any CPU
		{ADC3EE8A-FB69-4375-A5A4-F2B4C7054649}.Release|Any CPU.ActiveCfg = Release|Any CPU
		{ADC3EE8A-FB69-4375-A5A4-F2B4C7054649}.Release|Any CPU.Build.0 = Release|Any CPU
		{320998D8-D03C-488E-BD3C-26A5A19D1464}.Debug|Any CPU.ActiveCfg = Debug|Any CPU
		{320998D8-D03C-488E-BD3C-26A5A19D1464}.Debug|Any CPU.Build.0 = Debug|Any CPU
		{320998D8-D03C-488E-BD3C-26A5A19D1464}.Release|Any CPU.ActiveCfg = Release|Any CPU
		{320998D8-D03C-488E-BD3C-26A5A19D1464}.Release|Any CPU.Build.0 = Release|Any CPU
		{56C88FDE-9014-4077-9747-D5C426EB7CB6}.Debug|Any CPU.ActiveCfg = Debug|Any CPU
		{56C88FDE-9014-4077-9747-D5C426EB7CB6}.Debug|Any CPU.Build.0 = Debug|Any CPU
		{56C88FDE-9014-4077-9747-D5C426EB7CB6}.Release|Any CPU.ActiveCfg = Release|Any CPU
		{56C88FDE-9014-4077-9747-D5C426EB7CB6}.Release|Any CPU.Build.0 = Release|Any CPU
		{FF264D04-8D22-4376-87B6-CBCF02FFA909}.Debug|Any CPU.ActiveCfg = Debug|Any CPU
		{FF264D04-8D22-4376-87B6-CBCF02FFA909}.Debug|Any CPU.Build.0 = Debug|Any CPU
		{FF264D04-8D22-4376-87B6-CBCF02FFA909}.Release|Any CPU.ActiveCfg = Release|Any CPU
		{FF264D04-8D22-4376-87B6-CBCF02FFA909}.Release|Any CPU.Build.0 = Release|Any CPU
		{4F19988C-7FA1-4E1E-ABAC-6784BF5FAD03}.Debug|Any CPU.ActiveCfg = Debug|Any CPU
		{4F19988C-7FA1-4E1E-ABAC-6784BF5FAD03}.Debug|Any CPU.Build.0 = Debug|Any CPU
		{4F19988C-7FA1-4E1E-ABAC-6784BF5FAD03}.Release|Any CPU.ActiveCfg = Release|Any CPU
		{4F19988C-7FA1-4E1E-ABAC-6784BF5FAD03}.Release|Any CPU.Build.0 = Release|Any CPU
		{4ABFA2A5-EC8B-4337-8BE6-143CEF8B032C}.Debug|Any CPU.ActiveCfg = Debug|Any CPU
		{4ABFA2A5-EC8B-4337-8BE6-143CEF8B032C}.Debug|Any CPU.Build.0 = Debug|Any CPU
		{4ABFA2A5-EC8B-4337-8BE6-143CEF8B032C}.Release|Any CPU.ActiveCfg = Release|Any CPU
		{4ABFA2A5-EC8B-4337-8BE6-143CEF8B032C}.Release|Any CPU.Build.0 = Release|Any CPU
		{00AE25B7-0F81-41BE-9584-CFCD943D3D51}.Debug|Any CPU.ActiveCfg = Debug|Any CPU
		{00AE25B7-0F81-41BE-9584-CFCD943D3D51}.Debug|Any CPU.Build.0 = Debug|Any CPU
		{00AE25B7-0F81-41BE-9584-CFCD943D3D51}.Release|Any CPU.ActiveCfg = Release|Any CPU
		{00AE25B7-0F81-41BE-9584-CFCD943D3D51}.Release|Any CPU.Build.0 = Release|Any CPU
		{26757A28-0110-482B-9B8F-8EB70783DF51}.Debug|Any CPU.ActiveCfg = Debug|Any CPU
		{26757A28-0110-482B-9B8F-8EB70783DF51}.Debug|Any CPU.Build.0 = Debug|Any CPU
		{26757A28-0110-482B-9B8F-8EB70783DF51}.Release|Any CPU.ActiveCfg = Release|Any CPU
		{26757A28-0110-482B-9B8F-8EB70783DF51}.Release|Any CPU.Build.0 = Release|Any CPU
		{1C18570B-B055-4BF6-B40B-81DD1F740C02}.Debug|Any CPU.ActiveCfg = Debug|Any CPU
		{1C18570B-B055-4BF6-B40B-81DD1F740C02}.Debug|Any CPU.Build.0 = Debug|Any CPU
		{1C18570B-B055-4BF6-B40B-81DD1F740C02}.Release|Any CPU.ActiveCfg = Release|Any CPU
		{1C18570B-B055-4BF6-B40B-81DD1F740C02}.Release|Any CPU.Build.0 = Release|Any CPU
		{13D8DCFD-14A0-43F0-8C30-8A8849026C75}.Debug|Any CPU.ActiveCfg = Debug|Any CPU
		{13D8DCFD-14A0-43F0-8C30-8A8849026C75}.Debug|Any CPU.Build.0 = Debug|Any CPU
		{13D8DCFD-14A0-43F0-8C30-8A8849026C75}.Release|Any CPU.ActiveCfg = Release|Any CPU
		{13D8DCFD-14A0-43F0-8C30-8A8849026C75}.Release|Any CPU.Build.0 = Release|Any CPU
		{61F20051-A55E-4D94-9CB3-A2F68366750B}.Debug|Any CPU.ActiveCfg = Debug|Any CPU
		{61F20051-A55E-4D94-9CB3-A2F68366750B}.Debug|Any CPU.Build.0 = Debug|Any CPU
		{61F20051-A55E-4D94-9CB3-A2F68366750B}.Release|Any CPU.ActiveCfg = Release|Any CPU
		{61F20051-A55E-4D94-9CB3-A2F68366750B}.Release|Any CPU.Build.0 = Release|Any CPU
		{D7838A8C-39C3-4F68-943C-6107F418B33E}.Debug|Any CPU.ActiveCfg = Debug|Any CPU
		{D7838A8C-39C3-4F68-943C-6107F418B33E}.Debug|Any CPU.Build.0 = Debug|Any CPU
		{D7838A8C-39C3-4F68-943C-6107F418B33E}.Release|Any CPU.ActiveCfg = Release|Any CPU
		{D7838A8C-39C3-4F68-943C-6107F418B33E}.Release|Any CPU.Build.0 = Release|Any CPU
		{9F16AAD2-806D-44C5-A434-F390AD5C8371}.Debug|Any CPU.ActiveCfg = Debug|Any CPU
		{9F16AAD2-806D-44C5-A434-F390AD5C8371}.Debug|Any CPU.Build.0 = Debug|Any CPU
		{9F16AAD2-806D-44C5-A434-F390AD5C8371}.Release|Any CPU.ActiveCfg = Release|Any CPU
		{9F16AAD2-806D-44C5-A434-F390AD5C8371}.Release|Any CPU.Build.0 = Release|Any CPU
		{BBF697FA-9D81-43B0-850D-E0C32F9194C1}.Debug|Any CPU.ActiveCfg = Debug|Any CPU
		{BBF697FA-9D81-43B0-850D-E0C32F9194C1}.Debug|Any CPU.Build.0 = Debug|Any CPU
		{BBF697FA-9D81-43B0-850D-E0C32F9194C1}.Release|Any CPU.ActiveCfg = Release|Any CPU
		{BBF697FA-9D81-43B0-850D-E0C32F9194C1}.Release|Any CPU.Build.0 = Release|Any CPU
		{ED36B083-66A1-4BC9-9BF5-1F8055F68DCC}.Debug|Any CPU.ActiveCfg = Debug|Any CPU
		{ED36B083-66A1-4BC9-9BF5-1F8055F68DCC}.Debug|Any CPU.Build.0 = Debug|Any CPU
		{ED36B083-66A1-4BC9-9BF5-1F8055F68DCC}.Release|Any CPU.ActiveCfg = Release|Any CPU
		{ED36B083-66A1-4BC9-9BF5-1F8055F68DCC}.Release|Any CPU.Build.0 = Release|Any CPU
		{F2384C9B-8A64-4AA8-9A63-9B5038FB5A13}.Debug|Any CPU.ActiveCfg = Debug|Any CPU
		{F2384C9B-8A64-4AA8-9A63-9B5038FB5A13}.Debug|Any CPU.Build.0 = Debug|Any CPU
		{F2384C9B-8A64-4AA8-9A63-9B5038FB5A13}.Release|Any CPU.ActiveCfg = Release|Any CPU
		{F2384C9B-8A64-4AA8-9A63-9B5038FB5A13}.Release|Any CPU.Build.0 = Release|Any CPU
		{FD6DAF6E-8AFD-4A25-9AC7-071D0A45887A}.Debug|Any CPU.ActiveCfg = Debug|Any CPU
		{FD6DAF6E-8AFD-4A25-9AC7-071D0A45887A}.Debug|Any CPU.Build.0 = Debug|Any CPU
		{FD6DAF6E-8AFD-4A25-9AC7-071D0A45887A}.Release|Any CPU.ActiveCfg = Release|Any CPU
		{FD6DAF6E-8AFD-4A25-9AC7-071D0A45887A}.Release|Any CPU.Build.0 = Release|Any CPU
		{8F96F89D-0CA8-42F3-9B3D-DCB60BD06577}.Debug|Any CPU.ActiveCfg = Debug|Any CPU
		{8F96F89D-0CA8-42F3-9B3D-DCB60BD06577}.Debug|Any CPU.Build.0 = Debug|Any CPU
		{8F96F89D-0CA8-42F3-9B3D-DCB60BD06577}.Release|Any CPU.ActiveCfg = Release|Any CPU
		{8F96F89D-0CA8-42F3-9B3D-DCB60BD06577}.Release|Any CPU.Build.0 = Release|Any CPU
		{60A01BC0-6B14-4A60-9405-CA4C3B73700F}.Debug|Any CPU.ActiveCfg = Debug|Any CPU
		{60A01BC0-6B14-4A60-9405-CA4C3B73700F}.Debug|Any CPU.Build.0 = Debug|Any CPU
		{60A01BC0-6B14-4A60-9405-CA4C3B73700F}.Release|Any CPU.ActiveCfg = Release|Any CPU
		{60A01BC0-6B14-4A60-9405-CA4C3B73700F}.Release|Any CPU.Build.0 = Release|Any CPU
		{838CE481-892C-4255-8CC1-BE8D67EA6E46}.Debug|Any CPU.ActiveCfg = Debug|Any CPU
		{838CE481-892C-4255-8CC1-BE8D67EA6E46}.Debug|Any CPU.Build.0 = Debug|Any CPU
		{838CE481-892C-4255-8CC1-BE8D67EA6E46}.Release|Any CPU.ActiveCfg = Release|Any CPU
		{838CE481-892C-4255-8CC1-BE8D67EA6E46}.Release|Any CPU.Build.0 = Release|Any CPU
		{CCAF2422-E279-473F-AD69-C11DF6D2BAD3}.Debug|Any CPU.ActiveCfg = Debug|Any CPU
		{CCAF2422-E279-473F-AD69-C11DF6D2BAD3}.Debug|Any CPU.Build.0 = Debug|Any CPU
		{CCAF2422-E279-473F-AD69-C11DF6D2BAD3}.Release|Any CPU.ActiveCfg = Release|Any CPU
		{CCAF2422-E279-473F-AD69-C11DF6D2BAD3}.Release|Any CPU.Build.0 = Release|Any CPU
		{00CD3C41-E573-460F-A2F5-9ACE91E7DF53}.Debug|Any CPU.ActiveCfg = Debug|Any CPU
		{00CD3C41-E573-460F-A2F5-9ACE91E7DF53}.Debug|Any CPU.Build.0 = Debug|Any CPU
		{00CD3C41-E573-460F-A2F5-9ACE91E7DF53}.Release|Any CPU.ActiveCfg = Release|Any CPU
		{00CD3C41-E573-460F-A2F5-9ACE91E7DF53}.Release|Any CPU.Build.0 = Release|Any CPU
		{90651F0F-BB6A-4E76-A798-4130A72265EB}.Debug|Any CPU.ActiveCfg = Debug|Any CPU
		{90651F0F-BB6A-4E76-A798-4130A72265EB}.Debug|Any CPU.Build.0 = Debug|Any CPU
		{90651F0F-BB6A-4E76-A798-4130A72265EB}.Release|Any CPU.ActiveCfg = Release|Any CPU
		{90651F0F-BB6A-4E76-A798-4130A72265EB}.Release|Any CPU.Build.0 = Release|Any CPU
		{38CCDBEA-1D8C-4EAD-B6D0-E03BDDC5B1D0}.Debug|Any CPU.ActiveCfg = Debug|Any CPU
		{38CCDBEA-1D8C-4EAD-B6D0-E03BDDC5B1D0}.Debug|Any CPU.Build.0 = Debug|Any CPU
		{38CCDBEA-1D8C-4EAD-B6D0-E03BDDC5B1D0}.Release|Any CPU.ActiveCfg = Release|Any CPU
		{38CCDBEA-1D8C-4EAD-B6D0-E03BDDC5B1D0}.Release|Any CPU.Build.0 = Release|Any CPU
		{BA0BEFE4-52ED-43EA-AD41-8D53E603C33D}.Debug|Any CPU.ActiveCfg = Debug|Any CPU
		{BA0BEFE4-52ED-43EA-AD41-8D53E603C33D}.Debug|Any CPU.Build.0 = Debug|Any CPU
		{BA0BEFE4-52ED-43EA-AD41-8D53E603C33D}.Release|Any CPU.ActiveCfg = Release|Any CPU
		{BA0BEFE4-52ED-43EA-AD41-8D53E603C33D}.Release|Any CPU.Build.0 = Release|Any CPU
		{719B36CB-FE6C-4B4E-9253-28030180C9DD}.Debug|Any CPU.ActiveCfg = Debug|Any CPU
		{719B36CB-FE6C-4B4E-9253-28030180C9DD}.Debug|Any CPU.Build.0 = Debug|Any CPU
		{719B36CB-FE6C-4B4E-9253-28030180C9DD}.Release|Any CPU.ActiveCfg = Release|Any CPU
		{719B36CB-FE6C-4B4E-9253-28030180C9DD}.Release|Any CPU.Build.0 = Release|Any CPU
		{EC58136D-503E-42D1-B867-0DA940F7786A}.Debug|Any CPU.ActiveCfg = Debug|Any CPU
		{EC58136D-503E-42D1-B867-0DA940F7786A}.Debug|Any CPU.Build.0 = Debug|Any CPU
		{EC58136D-503E-42D1-B867-0DA940F7786A}.Release|Any CPU.ActiveCfg = Release|Any CPU
		{EC58136D-503E-42D1-B867-0DA940F7786A}.Release|Any CPU.Build.0 = Release|Any CPU
		{D00B69BC-04B4-4AE9-A373-3FC0B8BB21BC}.Debug|Any CPU.ActiveCfg = Debug|Any CPU
		{D00B69BC-04B4-4AE9-A373-3FC0B8BB21BC}.Debug|Any CPU.Build.0 = Debug|Any CPU
		{D00B69BC-04B4-4AE9-A373-3FC0B8BB21BC}.Release|Any CPU.ActiveCfg = Release|Any CPU
		{D00B69BC-04B4-4AE9-A373-3FC0B8BB21BC}.Release|Any CPU.Build.0 = Release|Any CPU
		{FE976423-C933-49E9-8E8A-7C2CF6A96C53}.Debug|Any CPU.ActiveCfg = Debug|Any CPU
		{FE976423-C933-49E9-8E8A-7C2CF6A96C53}.Debug|Any CPU.Build.0 = Debug|Any CPU
		{FE976423-C933-49E9-8E8A-7C2CF6A96C53}.Release|Any CPU.ActiveCfg = Release|Any CPU
		{FE976423-C933-49E9-8E8A-7C2CF6A96C53}.Release|Any CPU.Build.0 = Release|Any CPU
		{B386066A-88D9-453F-B1E4-DA3526F1F48B}.Debug|Any CPU.ActiveCfg = Debug|Any CPU
		{B386066A-88D9-453F-B1E4-DA3526F1F48B}.Debug|Any CPU.Build.0 = Debug|Any CPU
		{B386066A-88D9-453F-B1E4-DA3526F1F48B}.Release|Any CPU.ActiveCfg = Release|Any CPU
		{B386066A-88D9-453F-B1E4-DA3526F1F48B}.Release|Any CPU.Build.0 = Release|Any CPU
		{4D0CB0A4-842B-4C5D-AF4E-600D2DD236D0}.Debug|Any CPU.ActiveCfg = Debug|Any CPU
		{4D0CB0A4-842B-4C5D-AF4E-600D2DD236D0}.Debug|Any CPU.Build.0 = Debug|Any CPU
		{4D0CB0A4-842B-4C5D-AF4E-600D2DD236D0}.Release|Any CPU.ActiveCfg = Release|Any CPU
		{4D0CB0A4-842B-4C5D-AF4E-600D2DD236D0}.Release|Any CPU.Build.0 = Release|Any CPU
		{8B78E45D-4629-4AC9-8903-60155E163D3F}.Debug|Any CPU.ActiveCfg = Debug|Any CPU
		{8B78E45D-4629-4AC9-8903-60155E163D3F}.Debug|Any CPU.Build.0 = Debug|Any CPU
		{8B78E45D-4629-4AC9-8903-60155E163D3F}.Release|Any CPU.ActiveCfg = Release|Any CPU
		{8B78E45D-4629-4AC9-8903-60155E163D3F}.Release|Any CPU.Build.0 = Release|Any CPU
		{4D6F4AC8-F12F-4599-9F84-71AF7FDFF039}.Debug|Any CPU.ActiveCfg = Debug|Any CPU
		{4D6F4AC8-F12F-4599-9F84-71AF7FDFF039}.Debug|Any CPU.Build.0 = Debug|Any CPU
		{4D6F4AC8-F12F-4599-9F84-71AF7FDFF039}.Release|Any CPU.ActiveCfg = Release|Any CPU
		{4D6F4AC8-F12F-4599-9F84-71AF7FDFF039}.Release|Any CPU.Build.0 = Release|Any CPU
		{F82C20D9-EAEC-4481-8D03-0DAA52700939}.Debug|Any CPU.ActiveCfg = Debug|Any CPU
		{F82C20D9-EAEC-4481-8D03-0DAA52700939}.Debug|Any CPU.Build.0 = Debug|Any CPU
		{F82C20D9-EAEC-4481-8D03-0DAA52700939}.Release|Any CPU.ActiveCfg = Release|Any CPU
		{F82C20D9-EAEC-4481-8D03-0DAA52700939}.Release|Any CPU.Build.0 = Release|Any CPU
		{227FB542-88B0-4DB3-897A-050C82B70279}.Debug|Any CPU.ActiveCfg = Debug|Any CPU
		{227FB542-88B0-4DB3-897A-050C82B70279}.Debug|Any CPU.Build.0 = Debug|Any CPU
		{227FB542-88B0-4DB3-897A-050C82B70279}.Release|Any CPU.ActiveCfg = Release|Any CPU
		{227FB542-88B0-4DB3-897A-050C82B70279}.Release|Any CPU.Build.0 = Release|Any CPU
		{C9A5937F-7308-482D-9374-973933783758}.Debug|Any CPU.ActiveCfg = Debug|Any CPU
		{C9A5937F-7308-482D-9374-973933783758}.Debug|Any CPU.Build.0 = Debug|Any CPU
		{C9A5937F-7308-482D-9374-973933783758}.Release|Any CPU.ActiveCfg = Release|Any CPU
		{C9A5937F-7308-482D-9374-973933783758}.Release|Any CPU.Build.0 = Release|Any CPU
		{E236FD1A-9AF3-4691-B04D-C321A9D3455C}.Debug|Any CPU.ActiveCfg = Debug|Any CPU
		{E236FD1A-9AF3-4691-B04D-C321A9D3455C}.Debug|Any CPU.Build.0 = Debug|Any CPU
		{E236FD1A-9AF3-4691-B04D-C321A9D3455C}.Release|Any CPU.ActiveCfg = Release|Any CPU
		{E236FD1A-9AF3-4691-B04D-C321A9D3455C}.Release|Any CPU.Build.0 = Release|Any CPU
		{69FBDE2B-95D9-4501-A451-7336A7940E63}.Debug|Any CPU.ActiveCfg = Debug|Any CPU
		{69FBDE2B-95D9-4501-A451-7336A7940E63}.Debug|Any CPU.Build.0 = Debug|Any CPU
		{69FBDE2B-95D9-4501-A451-7336A7940E63}.Release|Any CPU.ActiveCfg = Release|Any CPU
		{69FBDE2B-95D9-4501-A451-7336A7940E63}.Release|Any CPU.Build.0 = Release|Any CPU
		{A8F46DC5-BBE0-4178-BF18-F0CD0AE355AA}.Debug|Any CPU.ActiveCfg = Debug|Any CPU
		{A8F46DC5-BBE0-4178-BF18-F0CD0AE355AA}.Debug|Any CPU.Build.0 = Debug|Any CPU
		{A8F46DC5-BBE0-4178-BF18-F0CD0AE355AA}.Release|Any CPU.ActiveCfg = Release|Any CPU
		{A8F46DC5-BBE0-4178-BF18-F0CD0AE355AA}.Release|Any CPU.Build.0 = Release|Any CPU
	EndGlobalSection
	GlobalSection(SolutionProperties) = preSolution
		HideSolutionNode = FALSE
	EndGlobalSection
	GlobalSection(ExtensibilityGlobals) = postSolution
		SolutionGuid = {0E3AF9B1-7331-4BF1-AED0-76C65D7C2F37}
	EndGlobalSection
EndGlobal
